
Microsoft Visual Studio Solution File, Format Version 12.00
# Visual Studio 2012
Project("{FAE04EC0-301F-11D3-BF4B-00C04F79EFBC}") = "LNOAttendance", "LNOAttendance\LNOAttendance.csproj", "{BFD599CA-8B30-460E-8B2B-0EDA7DD0C2B0}"
EndProject
Project("{2150E333-8FDC-42A3-9474-1A3956D46DE8}") = ".nuget", ".nuget", "{3C2A1623-7231-4AFE-932B-F1CB99ED9292}"
	ProjectSection(SolutionItems) = preProject
		.nuget\NuGet.Config = .nuget\NuGet.Config
		.nuget\NuGet.exe = .nuget\NuGet.exe
		.nuget\NuGet.targets = .nuget\NuGet.targets
	EndProjectSection
EndProject
Global
	GlobalSection(SolutionConfigurationPlatforms) = preSolution
		Debug|Any CPU = Debug|Any CPU
		Release|Any CPU = Release|Any CPU
	EndGlobalSection
	GlobalSection(ProjectConfigurationPlatforms) = postSolution
		{BFD599CA-8B30-460E-8B2B-0EDA7DD0C2B0}.Debug|Any CPU.ActiveCfg = Debug|Any CPU
		{BFD599CA-8B30-460E-8B2B-0EDA7DD0C2B0}.Debug|Any CPU.Build.0 = Debug|Any CPU
		{BFD599CA-8B30-460E-8B2B-0EDA7DD0C2B0}.Release|Any CPU.ActiveCfg = Release|Any CPU
		{BFD599CA-8B30-460E-8B2B-0EDA7DD0C2B0}.Release|Any CPU.Build.0 = Release|Any CPU
	EndGlobalSection
	GlobalSection(SolutionProperties) = preSolution
		HideSolutionNode = FALSE
	EndGlobalSection
EndGlobal
